// !$*UTF8*$!
{
	archiveVersion = 1;
	classes = {
	};
	objectVersion = 48;
	objects = {

/* Begin PBXBuildFile section */
		1C283DC31FD0CE8300C76B95 /* AppDelegate.swift in Sources */ = {isa = PBXBuildFile; fileRef = 1C283DC21FD0CE8300C76B95 /* AppDelegate.swift */; };
		1C283DC81FD0CE8300C76B95 /* Main.storyboard in Resources */ = {isa = PBXBuildFile; fileRef = 1C283DC61FD0CE8300C76B95 /* Main.storyboard */; };
		1C283DCA1FD0CE8300C76B95 /* Assets.xcassets in Resources */ = {isa = PBXBuildFile; fileRef = 1C283DC91FD0CE8300C76B95 /* Assets.xcassets */; };
		1C283DCD1FD0CE8300C76B95 /* LaunchScreen.storyboard in Resources */ = {isa = PBXBuildFile; fileRef = 1C283DCB1FD0CE8300C76B95 /* LaunchScreen.storyboard */; };
		1C283DDA1FD0D04F00C76B95 /* CategoriesViewController.swift in Sources */ = {isa = PBXBuildFile; fileRef = 1C283DD91FD0D04F00C76B95 /* CategoriesViewController.swift */; };
		1C283DDC1FD0D0A700C76B95 /* CategoryTableViewCell.swift in Sources */ = {isa = PBXBuildFile; fileRef = 1C283DDB1FD0D0A700C76B95 /* CategoryTableViewCell.swift */; };
		1C283DDE1FD0D15700C76B95 /* DataManager.swift in Sources */ = {isa = PBXBuildFile; fileRef = 1C283DDD1FD0D15700C76B95 /* DataManager.swift */; };
		1C283DE01FD0D17100C76B95 /* Category.swift in Sources */ = {isa = PBXBuildFile; fileRef = 1C283DDF1FD0D17100C76B95 /* Category.swift */; };
		1C283DE21FD0D17900C76B95 /* Question.swift in Sources */ = {isa = PBXBuildFile; fileRef = 1C283DE11FD0D17900C76B95 /* Question.swift */; };
		1C283DE61FD13EC000C76B95 /* Notification+Extension.swift in Sources */ = {isa = PBXBuildFile; fileRef = 1C283DE51FD13EC000C76B95 /* Notification+Extension.swift */; };
		1C283DE81FD1ECC100C76B95 /* QuestionsListViewController.swift in Sources */ = {isa = PBXBuildFile; fileRef = 1C283DE71FD1ECC100C76B95 /* QuestionsListViewController.swift */; };
		1C283DEA1FD1ECEF00C76B95 /* QuestionTableViewCell.swift in Sources */ = {isa = PBXBuildFile; fileRef = 1C283DE91FD1ECEF00C76B95 /* QuestionTableViewCell.swift */; };
		2142C1FD6BFB25C53A2EA250 /* Pods_Quiz_v2.framework in Frameworks */ = {isa = PBXBuildFile; fileRef = D18C2EBDB9F484EDB30AA3C3 /* Pods_Quiz_v2.framework */; };
/* End PBXBuildFile section */

/* Begin PBXFileReference section */
		1C283DBF1FD0CE8300C76B95 /* Quiz v2.app */ = {isa = PBXFileReference; explicitFileType = wrapper.application; includeInIndex = 0; path = "Quiz v2.app"; sourceTree = BUILT_PRODUCTS_DIR; };
		1C283DC21FD0CE8300C76B95 /* AppDelegate.swift */ = {isa = PBXFileReference; lastKnownFileType = sourcecode.swift; path = AppDelegate.swift; sourceTree = "<group>"; };
		1C283DC71FD0CE8300C76B95 /* Base */ = {isa = PBXFileReference; lastKnownFileType = file.storyboard; name = Base; path = Base.lproj/Main.storyboard; sourceTree = "<group>"; };
		1C283DC91FD0CE8300C76B95 /* Assets.xcassets */ = {isa = PBXFileReference; lastKnownFileType = folder.assetcatalog; path = Assets.xcassets; sourceTree = "<group>"; };
		1C283DCC1FD0CE8300C76B95 /* Base */ = {isa = PBXFileReference; lastKnownFileType = file.storyboard; name = Base; path = Base.lproj/LaunchScreen.storyboard; sourceTree = "<group>"; };
		1C283DCE1FD0CE8300C76B95 /* Info.plist */ = {isa = PBXFileReference; lastKnownFileType = text.plist.xml; path = Info.plist; sourceTree = "<group>"; };
		1C283DD91FD0D04F00C76B95 /* CategoriesViewController.swift */ = {isa = PBXFileReference; lastKnownFileType = sourcecode.swift; path = CategoriesViewController.swift; sourceTree = "<group>"; };
		1C283DDB1FD0D0A700C76B95 /* CategoryTableViewCell.swift */ = {isa = PBXFileReference; lastKnownFileType = sourcecode.swift; path = CategoryTableViewCell.swift; sourceTree = "<group>"; };
		1C283DDD1FD0D15700C76B95 /* DataManager.swift */ = {isa = PBXFileReference; lastKnownFileType = sourcecode.swift; path = DataManager.swift; sourceTree = "<group>"; };
		1C283DDF1FD0D17100C76B95 /* Category.swift */ = {isa = PBXFileReference; lastKnownFileType = sourcecode.swift; path = Category.swift; sourceTree = "<group>"; };
		1C283DE11FD0D17900C76B95 /* Question.swift */ = {isa = PBXFileReference; lastKnownFileType = sourcecode.swift; path = Question.swift; sourceTree = "<group>"; };
		1C283DE51FD13EC000C76B95 /* Notification+Extension.swift */ = {isa = PBXFileReference; lastKnownFileType = sourcecode.swift; path = "Notification+Extension.swift"; sourceTree = "<group>"; };
		1C283DE71FD1ECC100C76B95 /* QuestionsListViewController.swift */ = {isa = PBXFileReference; lastKnownFileType = sourcecode.swift; path = QuestionsListViewController.swift; sourceTree = "<group>"; };
		1C283DE91FD1ECEF00C76B95 /* QuestionTableViewCell.swift */ = {isa = PBXFileReference; lastKnownFileType = sourcecode.swift; path = QuestionTableViewCell.swift; sourceTree = "<group>"; };
		9F2E7C92E34174E51F209706 /* Pods-Quiz v2.debug.xcconfig */ = {isa = PBXFileReference; includeInIndex = 1; lastKnownFileType = text.xcconfig; name = "Pods-Quiz v2.debug.xcconfig"; path = "Pods/Target Support Files/Pods-Quiz v2/Pods-Quiz v2.debug.xcconfig"; sourceTree = "<group>"; };
		D18C2EBDB9F484EDB30AA3C3 /* Pods_Quiz_v2.framework */ = {isa = PBXFileReference; explicitFileType = wrapper.framework; includeInIndex = 0; path = Pods_Quiz_v2.framework; sourceTree = BUILT_PRODUCTS_DIR; };
		F6851AA16F81FD71D94AC2B9 /* Pods-Quiz v2.release.xcconfig */ = {isa = PBXFileReference; includeInIndex = 1; lastKnownFileType = text.xcconfig; name = "Pods-Quiz v2.release.xcconfig"; path = "Pods/Target Support Files/Pods-Quiz v2/Pods-Quiz v2.release.xcconfig"; sourceTree = "<group>"; };
/* End PBXFileReference section */

/* Begin PBXFrameworksBuildPhase section */
		1C283DBC1FD0CE8300C76B95 /* Frameworks */ = {
			isa = PBXFrameworksBuildPhase;
			buildActionMask = 2147483647;
			files = (
				2142C1FD6BFB25C53A2EA250 /* Pods_Quiz_v2.framework in Frameworks */,
			);
			runOnlyForDeploymentPostprocessing = 0;
		};
/* End PBXFrameworksBuildPhase section */

/* Begin PBXGroup section */
		15F3C0F1E3E2BB6EB3EFCE94 /* Frameworks */ = {
			isa = PBXGroup;
			children = (
				D18C2EBDB9F484EDB30AA3C3 /* Pods_Quiz_v2.framework */,
			);
			name = Frameworks;
			sourceTree = "<group>";
		};
		1C283DB61FD0CE8300C76B95 = {
			isa = PBXGroup;
			children = (
				1C283DC11FD0CE8300C76B95 /* Quiz v2 */,
				1C283DC01FD0CE8300C76B95 /* Products */,
				AF329A6B84B73829AD87223C /* Pods */,
				15F3C0F1E3E2BB6EB3EFCE94 /* Frameworks */,
			);
			sourceTree = "<group>";
		};
		1C283DC01FD0CE8300C76B95 /* Products */ = {
			isa = PBXGroup;
			children = (
				1C283DBF1FD0CE8300C76B95 /* Quiz v2.app */,
			);
			name = Products;
			sourceTree = "<group>";
		};
		1C283DC11FD0CE8300C76B95 /* Quiz v2 */ = {
			isa = PBXGroup;
			children = (
				1C283DE41FD13EA500C76B95 /* Notification+Extension */,
				1C283DD71FD0CF0200C76B95 /* Model */,
				1C283DD61FD0CEFA00C76B95 /* View */,
				1C283DD51FD0CEE900C76B95 /* Controllers */,
				1C283DD41FD0CECE00C76B95 /* Supporting files */,
			);
			path = "Quiz v2";
			sourceTree = "<group>";
		};
		1C283DD41FD0CECE00C76B95 /* Supporting files */ = {
			isa = PBXGroup;
			children = (
				1C283DC21FD0CE8300C76B95 /* AppDelegate.swift */,
				1C283DC91FD0CE8300C76B95 /* Assets.xcassets */,
				1C283DCB1FD0CE8300C76B95 /* LaunchScreen.storyboard */,
				1C283DCE1FD0CE8300C76B95 /* Info.plist */,
			);
			name = "Supporting files";
			sourceTree = "<group>";
		};
		1C283DD51FD0CEE900C76B95 /* Controllers */ = {
			isa = PBXGroup;
			children = (
				1C283DC61FD0CE8300C76B95 /* Main.storyboard */,
				1C283DD91FD0D04F00C76B95 /* CategoriesViewController.swift */,
				1C283DE71FD1ECC100C76B95 /* QuestionsListViewController.swift */,
			);
			path = Controllers;
			sourceTree = "<group>";
		};
		1C283DD61FD0CEFA00C76B95 /* View */ = {
			isa = PBXGroup;
			children = (
				1C283DDB1FD0D0A700C76B95 /* CategoryTableViewCell.swift */,
				1C283DE91FD1ECEF00C76B95 /* QuestionTableViewCell.swift */,
			);
			path = View;
			sourceTree = "<group>";
		};
		1C283DD71FD0CF0200C76B95 /* Model */ = {
			isa = PBXGroup;
			children = (
				1C283DDD1FD0D15700C76B95 /* DataManager.swift */,
				1C283DDF1FD0D17100C76B95 /* Category.swift */,
				1C283DE11FD0D17900C76B95 /* Question.swift */,
			);
			path = Model;
			sourceTree = "<group>";
		};
		1C283DE41FD13EA500C76B95 /* Notification+Extension */ = {
			isa = PBXGroup;
			children = (
				1C283DE51FD13EC000C76B95 /* Notification+Extension.swift */,
			);
			path = "Notification+Extension";
			sourceTree = "<group>";
		};
		AF329A6B84B73829AD87223C /* Pods */ = {
			isa = PBXGroup;
			children = (
				9F2E7C92E34174E51F209706 /* Pods-Quiz v2.debug.xcconfig */,
				F6851AA16F81FD71D94AC2B9 /* Pods-Quiz v2.release.xcconfig */,
			);
			name = Pods;
			sourceTree = "<group>";
		};
/* End PBXGroup section */

/* Begin PBXNativeTarget section */
		1C283DBE1FD0CE8300C76B95 /* Quiz v2 */ = {
			isa = PBXNativeTarget;
			buildConfigurationList = 1C283DD11FD0CE8300C76B95 /* Build configuration list for PBXNativeTarget "Quiz v2" */;
			buildPhases = (
				B1041A2C51E1AF3E6F74182F /* [CP] Check Pods Manifest.lock */,
				1C283DBB1FD0CE8300C76B95 /* Sources */,
				1C283DBC1FD0CE8300C76B95 /* Frameworks */,
				1C283DBD1FD0CE8300C76B95 /* Resources */,
				8F78A433FBFADA57D371841E /* [CP] Embed Pods Frameworks */,
				53A668FB065ED51767EBFD96 /* [CP] Copy Pods Resources */,
				1C283DD81FD0D00000C76B95 /* ShellScript */,
			);
			buildRules = (
			);
			dependencies = (
			);
			name = "Quiz v2";
			productName = "Quiz v2";
			productReference = 1C283DBF1FD0CE8300C76B95 /* Quiz v2.app */;
			productType = "com.apple.product-type.application";
		};
/* End PBXNativeTarget section */

/* Begin PBXProject section */
		1C283DB71FD0CE8300C76B95 /* Project object */ = {
			isa = PBXProject;
			attributes = {
				LastSwiftUpdateCheck = 0910;
				LastUpgradeCheck = 0910;
				ORGANIZATIONNAME = "Vadim Shoshin";
				TargetAttributes = {
					1C283DBE1FD0CE8300C76B95 = {
						CreatedOnToolsVersion = 9.1;
						ProvisioningStyle = Automatic;
					};
				};
			};
			buildConfigurationList = 1C283DBA1FD0CE8300C76B95 /* Build configuration list for PBXProject "Quiz v2" */;
			compatibilityVersion = "Xcode 8.0";
			developmentRegion = en;
			hasScannedForEncodings = 0;
			knownRegions = (
				en,
				Base,
			);
			mainGroup = 1C283DB61FD0CE8300C76B95;
			productRefGroup = 1C283DC01FD0CE8300C76B95 /* Products */;
			projectDirPath = "";
			projectRoot = "";
			targets = (
				1C283DBE1FD0CE8300C76B95 /* Quiz v2 */,
			);
		};
/* End PBXProject section */

/* Begin PBXResourcesBuildPhase section */
		1C283DBD1FD0CE8300C76B95 /* Resources */ = {
			isa = PBXResourcesBuildPhase;
			buildActionMask = 2147483647;
			files = (
				1C283DCD1FD0CE8300C76B95 /* LaunchScreen.storyboard in Resources */,
				1C283DCA1FD0CE8300C76B95 /* Assets.xcassets in Resources */,
				1C283DC81FD0CE8300C76B95 /* Main.storyboard in Resources */,
			);
			runOnlyForDeploymentPostprocessing = 0;
		};
/* End PBXResourcesBuildPhase section */

/* Begin PBXShellScriptBuildPhase section */
		1C283DD81FD0D00000C76B95 /* ShellScript */ = {
			isa = PBXShellScriptBuildPhase;
			buildActionMask = 2147483647;
			files = (
			);
			inputPaths = (
			);
			outputPaths = (
			);
			runOnlyForDeploymentPostprocessing = 0;
			shellPath = /bin/sh;
			shellScript = "\"${PODS_ROOT}/SwiftLint/swiftlint\"";
		};
		53A668FB065ED51767EBFD96 /* [CP] Copy Pods Resources */ = {
			isa = PBXShellScriptBuildPhase;
			buildActionMask = 2147483647;
			files = (
			);
			inputPaths = (
			);
			name = "[CP] Copy Pods Resources";
			outputPaths = (
			);
			runOnlyForDeploymentPostprocessing = 0;
			shellPath = /bin/sh;
			shellScript = "\"${SRCROOT}/Pods/Target Support Files/Pods-Quiz v2/Pods-Quiz v2-resources.sh\"\n";
			showEnvVarsInLog = 0;
		};
		8F78A433FBFADA57D371841E /* [CP] Embed Pods Frameworks */ = {
			isa = PBXShellScriptBuildPhase;
			buildActionMask = 2147483647;
			files = (
			);
			inputPaths = (
				"${SRCROOT}/Pods/Target Support Files/Pods-Quiz v2/Pods-Quiz v2-frameworks.sh",
				"${BUILT_PRODUCTS_DIR}/Alamofire/Alamofire.framework",
				"${BUILT_PRODUCTS_DIR}/SwiftyJSON/SwiftyJSON.framework",
			);
			name = "[CP] Embed Pods Frameworks";
			outputPaths = (
				"${TARGET_BUILD_DIR}/${FRAMEWORKS_FOLDER_PATH}/Alamofire.framework",
				"${TARGET_BUILD_DIR}/${FRAMEWORKS_FOLDER_PATH}/SwiftyJSON.framework",
			);
			runOnlyForDeploymentPostprocessing = 0;
			shellPath = /bin/sh;
			shellScript = "\"${SRCROOT}/Pods/Target Support Files/Pods-Quiz v2/Pods-Quiz v2-frameworks.sh\"\n";
			showEnvVarsInLog = 0;
		};
		B1041A2C51E1AF3E6F74182F /* [CP] Check Pods Manifest.lock */ = {
			isa = PBXShellScriptBuildPhase;
			buildActionMask = 2147483647;
			files = (
			);
			inputPaths = (
				"${PODS_PODFILE_DIR_PATH}/Podfile.lock",
				"${PODS_ROOT}/Manifest.lock",
			);
			name = "[CP] Check Pods Manifest.lock";
			outputPaths = (
				"$(DERIVED_FILE_DIR)/Pods-Quiz v2-checkManifestLockResult.txt",
			);
			runOnlyForDeploymentPostprocessing = 0;
			shellPath = /bin/sh;
			shellScript = "diff \"${PODS_PODFILE_DIR_PATH}/Podfile.lock\" \"${PODS_ROOT}/Manifest.lock\" > /dev/null\nif [ $? != 0 ] ; then\n    # print error to STDERR\n    echo \"error: The sandbox is not in sync with the Podfile.lock. Run 'pod install' or update your CocoaPods installation.\" >&2\n    exit 1\nfi\n# This output is used by Xcode 'outputs' to avoid re-running this script phase.\necho \"SUCCESS\" > \"${SCRIPT_OUTPUT_FILE_0}\"\n";
			showEnvVarsInLog = 0;
		};
/* End PBXShellScriptBuildPhase section */

/* Begin PBXSourcesBuildPhase section */
		1C283DBB1FD0CE8300C76B95 /* Sources */ = {
			isa = PBXSourcesBuildPhase;
			buildActionMask = 2147483647;
			files = (
				1C283DDA1FD0D04F00C76B95 /* CategoriesViewController.swift in Sources */,
				1C283DE01FD0D17100C76B95 /* Category.swift in Sources */,
				1C283DDE1FD0D15700C76B95 /* DataManager.swift in Sources */,
				1C283DE21FD0D17900C76B95 /* Question.swift in Sources */,
				1C283DE61FD13EC000C76B95 /* Notification+Extension.swift in Sources */,
				1C283DC31FD0CE8300C76B95 /* AppDelegate.swift in Sources */,
				1C283DEA1FD1ECEF00C76B95 /* QuestionTableViewCell.swift in Sources */,
				1C283DE81FD1ECC100C76B95 /* QuestionsListViewController.swift in Sources */,
				1C283DDC1FD0D0A700C76B95 /* CategoryTableViewCell.swift in Sources */,
			);
			runOnlyForDeploymentPostprocessing = 0;
		};
/* End PBXSourcesBuildPhase section */

/* Begin PBXVariantGroup section */
		1C283DC61FD0CE8300C76B95 /* Main.storyboard */ = {
			isa = PBXVariantGroup;
			children = (
				1C283DC71FD0CE8300C76B95 /* Base */,
			);
			name = Main.storyboard;
			sourceTree = "<group>";
		};
		1C283DCB1FD0CE8300C76B95 /* LaunchScreen.storyboard */ = {
			isa = PBXVariantGroup;
			children = (
				1C283DCC1FD0CE8300C76B95 /* Base */,
			);
			name = LaunchScreen.storyboard;
			sourceTree = "<group>";
		};
/* End PBXVariantGroup section */

/* Begin XCBuildConfiguration section */
		1C283DCF1FD0CE8300C76B95 /* Debug */ = {
			isa = XCBuildConfiguration;
			buildSettings = {
				ALWAYS_SEARCH_USER_PATHS = NO;
				CLANG_ANALYZER_NONNULL = YES;
				CLANG_ANALYZER_NUMBER_OBJECT_CONVERSION = YES_AGGRESSIVE;
				CLANG_CXX_LANGUAGE_STANDARD = "gnu++14";
				CLANG_CXX_LIBRARY = "libc++";
				CLANG_ENABLE_MODULES = YES;
				CLANG_ENABLE_OBJC_ARC = YES;
				CLANG_WARN_BLOCK_CAPTURE_AUTORELEASING = YES;
				CLANG_WARN_BOOL_CONVERSION = YES;
				CLANG_WARN_COMMA = YES;
				CLANG_WARN_CONSTANT_CONVERSION = YES;
				CLANG_WARN_DIRECT_OBJC_ISA_USAGE = YES_ERROR;
				CLANG_WARN_DOCUMENTATION_COMMENTS = YES;
				CLANG_WARN_EMPTY_BODY = YES;
				CLANG_WARN_ENUM_CONVERSION = YES;
				CLANG_WARN_INFINITE_RECURSION = YES;
				CLANG_WARN_INT_CONVERSION = YES;
				CLANG_WARN_NON_LITERAL_NULL_CONVERSION = YES;
				CLANG_WARN_OBJC_LITERAL_CONVERSION = YES;
				CLANG_WARN_OBJC_ROOT_CLASS = YES_ERROR;
				CLANG_WARN_RANGE_LOOP_ANALYSIS = YES;
				CLANG_WARN_STRICT_PROTOTYPES = YES;
				CLANG_WARN_SUSPICIOUS_MOVE = YES;
				CLANG_WARN_UNGUARDED_AVAILABILITY = YES_AGGRESSIVE;
				CLANG_WARN_UNREACHABLE_CODE = YES;
				CLANG_WARN__DUPLICATE_METHOD_MATCH = YES;
				CODE_SIGN_IDENTITY = "iPhone Developer";
				COPY_PHASE_STRIP = NO;
				DEBUG_INFORMATION_FORMAT = dwarf;
				ENABLE_STRICT_OBJC_MSGSEND = YES;
				ENABLE_TESTABILITY = YES;
				GCC_C_LANGUAGE_STANDARD = gnu11;
				GCC_DYNAMIC_NO_PIC = NO;
				GCC_NO_COMMON_BLOCKS = YES;
				GCC_OPTIMIZATION_LEVEL = 0;
				GCC_PREPROCESSOR_DEFINITIONS = (
					"DEBUG=1",
					"$(inherited)",
				);
				GCC_WARN_64_TO_32_BIT_CONVERSION = YES;
				GCC_WARN_ABOUT_RETURN_TYPE = YES_ERROR;
				GCC_WARN_UNDECLARED_SELECTOR = YES;
				GCC_WARN_UNINITIALIZED_AUTOS = YES_AGGRESSIVE;
				GCC_WARN_UNUSED_FUNCTION = YES;
				GCC_WARN_UNUSED_VARIABLE = YES;
				IPHONEOS_DEPLOYMENT_TARGET = 11.1;
				MTL_ENABLE_DEBUG_INFO = YES;
				ONLY_ACTIVE_ARCH = YES;
				SDKROOT = iphoneos;
				SWIFT_ACTIVE_COMPILATION_CONDITIONS = DEBUG;
				SWIFT_OPTIMIZATION_LEVEL = "-Onone";
			};
			name = Debug;
		};
		1C283DD01FD0CE8300C76B95 /* Release */ = {
			isa = XCBuildConfiguration;
			buildSettings = {
				ALWAYS_SEARCH_USER_PATHS = NO;
				CLANG_ANALYZER_NONNULL = YES;
				CLANG_ANALYZER_NUMBER_OBJECT_CONVERSION = YES_AGGRESSIVE;
				CLANG_CXX_LANGUAGE_STANDARD = "gnu++14";
				CLANG_CXX_LIBRARY = "libc++";
				CLANG_ENABLE_MODULES = YES;
				CLANG_ENABLE_OBJC_ARC = YES;
				CLANG_WARN_BLOCK_CAPTURE_AUTORELEASING = YES;
				CLANG_WARN_BOOL_CONVERSION = YES;
				CLANG_WARN_COMMA = YES;
				CLANG_WARN_CONSTANT_CONVERSION = YES;
				CLANG_WARN_DIRECT_OBJC_ISA_USAGE = YES_ERROR;
				CLANG_WARN_DOCUMENTATION_COMMENTS = YES;
				CLANG_WARN_EMPTY_BODY = YES;
				CLANG_WARN_ENUM_CONVERSION = YES;
				CLANG_WARN_INFINITE_RECURSION = YES;
				CLANG_WARN_INT_CONVERSION = YES;
				CLANG_WARN_NON_LITERAL_NULL_CONVERSION = YES;
				CLANG_WARN_OBJC_LITERAL_CONVERSION = YES;
				CLANG_WARN_OBJC_ROOT_CLASS = YES_ERROR;
				CLANG_WARN_RANGE_LOOP_ANALYSIS = YES;
				CLANG_WARN_STRICT_PROTOTYPES = YES;
				CLANG_WARN_SUSPICIOUS_MOVE = YES;
				CLANG_WARN_UNGUARDED_AVAILABILITY = YES_AGGRESSIVE;
				CLANG_WARN_UNREACHABLE_CODE = YES;
				CLANG_WARN__DUPLICATE_METHOD_MATCH = YES;
				CODE_SIGN_IDENTITY = "iPhone Developer";
				COPY_PHASE_STRIP = NO;
				DEBUG_INFORMATION_FORMAT = "dwarf-with-dsym";
				ENABLE_NS_ASSERTIONS = NO;
				ENABLE_STRICT_OBJC_MSGSEND = YES;
				GCC_C_LANGUAGE_STANDARD = gnu11;
				GCC_NO_COMMON_BLOCKS = YES;
				GCC_WARN_64_TO_32_BIT_CONVERSION = YES;
				GCC_WARN_ABOUT_RETURN_TYPE = YES_ERROR;
				GCC_WARN_UNDECLARED_SELECTOR = YES;
				GCC_WARN_UNINITIALIZED_AUTOS = YES_AGGRESSIVE;
				GCC_WARN_UNUSED_FUNCTION = YES;
				GCC_WARN_UNUSED_VARIABLE = YES;
				IPHONEOS_DEPLOYMENT_TARGET = 11.1;
				MTL_ENABLE_DEBUG_INFO = NO;
				SDKROOT = iphoneos;
				SWIFT_OPTIMIZATION_LEVEL = "-Owholemodule";
				VALIDATE_PRODUCT = YES;
			};
			name = Release;
		};
		1C283DD21FD0CE8300C76B95 /* Debug */ = {
			isa = XCBuildConfiguration;
			baseConfigurationReference = 9F2E7C92E34174E51F209706 /* Pods-Quiz v2.debug.xcconfig */;
			buildSettings = {
				ASSETCATALOG_COMPILER_APPICON_NAME = AppIcon;
				CODE_SIGN_STYLE = Automatic;
				INFOPLIST_FILE = "Quiz v2/Info.plist";
				LD_RUNPATH_SEARCH_PATHS = "$(inherited) @executable_path/Frameworks";
				PRODUCT_BUNDLE_IDENTIFIER = "Vadim-Shoshin.Quiz-v2";
				PRODUCT_NAME = "$(TARGET_NAME)";
				SWIFT_VERSION = 4.0;
				TARGETED_DEVICE_FAMILY = "1,2";
			};
			name = Debug;
		};
		1C283DD31FD0CE8300C76B95 /* Release */ = {
			isa = XCBuildConfiguration;
			baseConfigurationReference = F6851AA16F81FD71D94AC2B9 /* Pods-Quiz v2.release.xcconfig */;
			buildSettings = {
				ASSETCATALOG_COMPILER_APPICON_NAME = AppIcon;
				CODE_SIGN_STYLE = Automatic;
				INFOPLIST_FILE = "Quiz v2/Info.plist";
				LD_RUNPATH_SEARCH_PATHS = "$(inherited) @executable_path/Frameworks";
				PRODUCT_BUNDLE_IDENTIFIER = "Vadim-Shoshin.Quiz-v2";
				PRODUCT_NAME = "$(TARGET_NAME)";
				SWIFT_VERSION = 4.0;
				TARGETED_DEVICE_FAMILY = "1,2";
			};
			name = Release;
		};
/* End XCBuildConfiguration section */

/* Begin XCConfigurationList section */
		1C283DBA1FD0CE8300C76B95 /* Build configuration list for PBXProject "Quiz v2" */ = {
			isa = XCConfigurationList;
			buildConfigurations = (
				1C283DCF1FD0CE8300C76B95 /* Debug */,
				1C283DD01FD0CE8300C76B95 /* Release */,
			);
			defaultConfigurationIsVisible = 0;
			defaultConfigurationName = Release;
		};
		1C283DD11FD0CE8300C76B95 /* Build configuration list for PBXNativeTarget "Quiz v2" */ = {
			isa = XCConfigurationList;
			buildConfigurations = (
				1C283DD21FD0CE8300C76B95 /* Debug */,
				1C283DD31FD0CE8300C76B95 /* Release */,
			);
			defaultConfigurationIsVisible = 0;
			defaultConfigurationName = Release;
		};
/* End XCConfigurationList section */
	};
	rootObject = 1C283DB71FD0CE8300C76B95 /* Project object */;
}
